
Microsoft Visual Studio Solution File, Format Version 12.00
# Visual Studio Version 16
VisualStudioVersion = 16.0.31729.503
MinimumVisualStudioVersion = 10.0.40219.1
Project("{FAE04EC0-301F-11D3-BF4B-00C04F79EFBC}") = "dailyempwage", "dailyempwage\dailyempwage.csproj", "{F5E7F964-7339-4E5F-9DA1-FD7EBE8EEA5F}"
EndProject
Global
	GlobalSection(SolutionConfigurationPlatforms) = preSolution
		Debug|Any CPU = Debug|Any CPU
		Release|Any CPU = Release|Any CPU
	EndGlobalSection
	GlobalSection(ProjectConfigurationPlatforms) = postSolution
		{F5E7F964-7339-4E5F-9DA1-FD7EBE8EEA5F}.Debug|Any CPU.ActiveCfg = Debug|Any CPU
		{F5E7F964-7339-4E5F-9DA1-FD7EBE8EEA5F}.Debug|Any CPU.Build.0 = Debug|Any CPU
		{F5E7F964-7339-4E5F-9DA1-FD7EBE8EEA5F}.Release|Any CPU.ActiveCfg = Release|Any CPU
		{F5E7F964-7339-4E5F-9DA1-FD7EBE8EEA5F}.Release|Any CPU.Build.0 = Release|Any CPU
	EndGlobalSection
	GlobalSection(SolutionProperties) = preSolution
		HideSolutionNode = FALSE
	EndGlobalSection
	GlobalSection(ExtensibilityGlobals) = postSolution
		SolutionGuid = {0D2255BE-742C-45C3-85C3-354E0A68FFF9}
	EndGlobalSection
EndGlobal
