
Microsoft Visual Studio Solution File, Format Version 12.00
# Visual Studio Version 16
VisualStudioVersion = 16.0.31729.503
MinimumVisualStudioVersion = 10.0.40219.1
Project("{FAE04EC0-301F-11D3-BF4B-00C04F79EFBC}") = "totalworkinghours", "totalworkinghours\totalworkinghours.csproj", "{CEE0F99E-834F-4FC2-9B62-2BA25A723FE5}"
EndProject
Global
	GlobalSection(SolutionConfigurationPlatforms) = preSolution
		Debug|Any CPU = Debug|Any CPU
		Release|Any CPU = Release|Any CPU
	EndGlobalSection
	GlobalSection(ProjectConfigurationPlatforms) = postSolution
		{CEE0F99E-834F-4FC2-9B62-2BA25A723FE5}.Debug|Any CPU.ActiveCfg = Debug|Any CPU
		{CEE0F99E-834F-4FC2-9B62-2BA25A723FE5}.Debug|Any CPU.Build.0 = Debug|Any CPU
		{CEE0F99E-834F-4FC2-9B62-2BA25A723FE5}.Release|Any CPU.ActiveCfg = Release|Any CPU
		{CEE0F99E-834F-4FC2-9B62-2BA25A723FE5}.Release|Any CPU.Build.0 = Release|Any CPU
	EndGlobalSection
	GlobalSection(SolutionProperties) = preSolution
		HideSolutionNode = FALSE
	EndGlobalSection
	GlobalSection(ExtensibilityGlobals) = postSolution
		SolutionGuid = {D94DCD3C-C5B2-4E3D-9472-514374FA9287}
	EndGlobalSection
EndGlobal
